
Microsoft Visual Studio Solution File, Format Version 12.00
Project("{FAE04EC0-301F-11D3-BF4B-00C04F79EFBC}") = "Sample_App", "Sample_App\Sample_App.csproj", "{15EE9F8F-E549-45EF-804B-A386FF32E4D3}"
EndProject
Project("{FAE04EC0-301F-11D3-BF4B-00C04F79EFBC}") = "Local_Diary", "Local_Diary\Local_Diary.csproj", "{943A9D03-589A-40D6-907A-48D6CC5F867E}"
EndProject
Global
	GlobalSection(SolutionConfigurationPlatforms) = preSolution
		Debug|Any CPU = Debug|Any CPU
		Release|Any CPU = Release|Any CPU
	EndGlobalSection
	GlobalSection(ProjectConfigurationPlatforms) = postSolution
		{15EE9F8F-E549-45EF-804B-A386FF32E4D3}.Debug|Any CPU.ActiveCfg = Debug|Any CPU
		{15EE9F8F-E549-45EF-804B-A386FF32E4D3}.Debug|Any CPU.Build.0 = Debug|Any CPU
		{15EE9F8F-E549-45EF-804B-A386FF32E4D3}.Release|Any CPU.ActiveCfg = Release|Any CPU
		{15EE9F8F-E549-45EF-804B-A386FF32E4D3}.Release|Any CPU.Build.0 = Release|Any CPU
		{943A9D03-589A-40D6-907A-48D6CC5F867E}.Debug|Any CPU.ActiveCfg = Debug|Any CPU
		{943A9D03-589A-40D6-907A-48D6CC5F867E}.Debug|Any CPU.Build.0 = Debug|Any CPU
		{943A9D03-589A-40D6-907A-48D6CC5F867E}.Release|Any CPU.ActiveCfg = Release|Any CPU
		{943A9D03-589A-40D6-907A-48D6CC5F867E}.Release|Any CPU.Build.0 = Release|Any CPU
	EndGlobalSection
EndGlobal
